// !$*UTF8*$!
{
	archiveVersion = 1;
	classes = {
	};
	objectVersion = 46;
	objects = {

/* Begin PBXBuildFile section */
		A641681C179FB8AA00E2B1C7 /* Foundation.framework in Frameworks */ = {isa = PBXBuildFile; fileRef = A641681B179FB8AA00E2B1C7 /* Foundation.framework */; };
		A641681E179FB8AA00E2B1C7 /* CoreGraphics.framework in Frameworks */ = {isa = PBXBuildFile; fileRef = A641681D179FB8AA00E2B1C7 /* CoreGraphics.framework */; };
		A6416820179FB8AA00E2B1C7 /* UIKit.framework in Frameworks */ = {isa = PBXBuildFile; fileRef = A641681F179FB8AA00E2B1C7 /* UIKit.framework */; };
		A6416826179FB8AA00E2B1C7 /* InfoPlist.strings in Resources */ = {isa = PBXBuildFile; fileRef = A6416824179FB8AA00E2B1C7 /* InfoPlist.strings */; };
		A6416828179FB8AA00E2B1C7 /* main.m in Sources */ = {isa = PBXBuildFile; fileRef = A6416827179FB8AA00E2B1C7 /* main.m */; };
		A641682C179FB8AA00E2B1C7 /* AppDelegate.m in Sources */ = {isa = PBXBuildFile; fileRef = A641682B179FB8AA00E2B1C7 /* AppDelegate.m */; };
		A641682F179FB8AA00E2B1C7 /* Main.storyboard in Resources */ = {isa = PBXBuildFile; fileRef = A641682D179FB8AA00E2B1C7 /* Main.storyboard */; };
		A6416832179FB8AA00E2B1C7 /* ViewController.m in Sources */ = {isa = PBXBuildFile; fileRef = A6416831179FB8AA00E2B1C7 /* ViewController.m */; };
		A6416834179FB8AA00E2B1C7 /* Images.xcassets in Resources */ = {isa = PBXBuildFile; fileRef = A6416833179FB8AA00E2B1C7 /* Images.xcassets */; };
		A641683B179FB8AA00E2B1C7 /* XCTest.framework in Frameworks */ = {isa = PBXBuildFile; fileRef = A641683A179FB8AA00E2B1C7 /* XCTest.framework */; };
		A641683C179FB8AA00E2B1C7 /* Foundation.framework in Frameworks */ = {isa = PBXBuildFile; fileRef = A641681B179FB8AA00E2B1C7 /* Foundation.framework */; };
		A641683D179FB8AA00E2B1C7 /* UIKit.framework in Frameworks */ = {isa = PBXBuildFile; fileRef = A641681F179FB8AA00E2B1C7 /* UIKit.framework */; };
		A6416845179FB8AA00E2B1C7 /* InfoPlist.strings in Resources */ = {isa = PBXBuildFile; fileRef = A6416843179FB8AA00E2B1C7 /* InfoPlist.strings */; };
		A6416847179FB8AA00E2B1C7 /* FacebookTestTests.m in Sources */ = {isa = PBXBuildFile; fileRef = A6416846179FB8AA00E2B1C7 /* FacebookTestTests.m */; };
/* End PBXBuildFile section */

/* Begin PBXContainerItemProxy section */
		A641683E179FB8AA00E2B1C7 /* PBXContainerItemProxy */ = {
			isa = PBXContainerItemProxy;
			containerPortal = A6416810179FB8AA00E2B1C7 /* Project object */;
			proxyType = 1;
			remoteGlobalIDString = A6416817179FB8AA00E2B1C7;
			remoteInfo = FacebookTest;
		};
/* End PBXContainerItemProxy section */

/* Begin PBXFileReference section */
		A6416818179FB8AA00E2B1C7 /* FacebookTest.app */ = {isa = PBXFileReference; explicitFileType = wrapper.application; includeInIndex = 0; path = FacebookTest.app; sourceTree = BUILT_PRODUCTS_DIR; };
		A641681B179FB8AA00E2B1C7 /* Foundation.framework */ = {isa = PBXFileReference; lastKnownFileType = wrapper.framework; name = Foundation.framework; path = System/Library/Frameworks/Foundation.framework; sourceTree = SDKROOT; };
		A641681D179FB8AA00E2B1C7 /* CoreGraphics.framework */ = {isa = PBXFileReference; lastKnownFileType = wrapper.framework; name = CoreGraphics.framework; path = System/Library/Frameworks/CoreGraphics.framework; sourceTree = SDKROOT; };
		A641681F179FB8AA00E2B1C7 /* UIKit.framework */ = {isa = PBXFileReference; lastKnownFileType = wrapper.framework; name = UIKit.framework; path = System/Library/Frameworks/UIKit.framework; sourceTree = SDKROOT; };
		A6416823179FB8AA00E2B1C7 /* FacebookTest-Info.plist */ = {isa = PBXFileReference; lastKnownFileType = text.plist.xml; path = "FacebookTest-Info.plist"; sourceTree = "<group>"; };
		A6416825179FB8AA00E2B1C7 /* en */ = {isa = PBXFileReference; lastKnownFileType = text.plist.strings; name = en; path = en.lproj/InfoPlist.strings; sourceTree = "<group>"; };
		A6416827179FB8AA00E2B1C7 /* main.m */ = {isa = PBXFileReference; lastKnownFileType = sourcecode.c.objc; path = main.m; sourceTree = "<group>"; };
		A6416829179FB8AA00E2B1C7 /* FacebookTest-Prefix.pch */ = {isa = PBXFileReference; lastKnownFileType = sourcecode.c.h; path = "FacebookTest-Prefix.pch"; sourceTree = "<group>"; };
		A641682A179FB8AA00E2B1C7 /* AppDelegate.h */ = {isa = PBXFileReference; lastKnownFileType = sourcecode.c.h; path = AppDelegate.h; sourceTree = "<group>"; };
		A641682B179FB8AA00E2B1C7 /* AppDelegate.m */ = {isa = PBXFileReference; lastKnownFileType = sourcecode.c.objc; path = AppDelegate.m; sourceTree = "<group>"; };
		A641682E179FB8AA00E2B1C7 /* Base */ = {isa = PBXFileReference; lastKnownFileType = file.storyboard; name = Base; path = Base.lproj/Main.storyboard; sourceTree = "<group>"; };
		A6416830179FB8AA00E2B1C7 /* ViewController.h */ = {isa = PBXFileReference; lastKnownFileType = sourcecode.c.h; path = ViewController.h; sourceTree = "<group>"; };
		A6416831179FB8AA00E2B1C7 /* ViewController.m */ = {isa = PBXFileReference; lastKnownFileType = sourcecode.c.objc; path = ViewController.m; sourceTree = "<group>"; };
		A6416833179FB8AA00E2B1C7 /* Images.xcassets */ = {isa = PBXFileReference; lastKnownFileType = folder.assetcatalog; path = Images.xcassets; sourceTree = "<group>"; };
		A6416839179FB8AA00E2B1C7 /* FacebookTestTests.xctest */ = {isa = PBXFileReference; explicitFileType = wrapper.cfbundle; includeInIndex = 0; path = FacebookTestTests.xctest; sourceTree = BUILT_PRODUCTS_DIR; };
		A641683A179FB8AA00E2B1C7 /* XCTest.framework */ = {isa = PBXFileReference; lastKnownFileType = wrapper.framework; name = XCTest.framework; path = Library/Frameworks/XCTest.framework; sourceTree = DEVELOPER_DIR; };
		A6416842179FB8AA00E2B1C7 /* FacebookTestTests-Info.plist */ = {isa = PBXFileReference; lastKnownFileType = text.plist.xml; path = "FacebookTestTests-Info.plist"; sourceTree = "<group>"; };
		A6416844179FB8AA00E2B1C7 /* en */ = {isa = PBXFileReference; lastKnownFileType = text.plist.strings; name = en; path = en.lproj/InfoPlist.strings; sourceTree = "<group>"; };
		A6416846179FB8AA00E2B1C7 /* FacebookTestTests.m */ = {isa = PBXFileReference; lastKnownFileType = sourcecode.c.objc; path = FacebookTestTests.m; sourceTree = "<group>"; };
/* End PBXFileReference section */

/* Begin PBXFrameworksBuildPhase section */
		A6416815179FB8AA00E2B1C7 /* Frameworks */ = {
			isa = PBXFrameworksBuildPhase;
			buildActionMask = 2147483647;
			files = (
				A641681E179FB8AA00E2B1C7 /* CoreGraphics.framework in Frameworks */,
				A6416820179FB8AA00E2B1C7 /* UIKit.framework in Frameworks */,
				A641681C179FB8AA00E2B1C7 /* Foundation.framework in Frameworks */,
			);
			runOnlyForDeploymentPostprocessing = 0;
		};
		A6416836179FB8AA00E2B1C7 /* Frameworks */ = {
			isa = PBXFrameworksBuildPhase;
			buildActionMask = 2147483647;
			files = (
				A641683B179FB8AA00E2B1C7 /* XCTest.framework in Frameworks */,
				A641683D179FB8AA00E2B1C7 /* UIKit.framework in Frameworks */,
				A641683C179FB8AA00E2B1C7 /* Foundation.framework in Frameworks */,
			);
			runOnlyForDeploymentPostprocessing = 0;
		};
/* End PBXFrameworksBuildPhase section */

/* Begin PBXGroup section */
		A641680F179FB8AA00E2B1C7 = {
			isa = PBXGroup;
			children = (
				A6416821179FB8AA00E2B1C7 /* FacebookTest */,
				A6416840179FB8AA00E2B1C7 /* FacebookTestTests */,
				A641681A179FB8AA00E2B1C7 /* Frameworks */,
				A6416819179FB8AA00E2B1C7 /* Products */,
			);
			sourceTree = "<group>";
		};
		A6416819179FB8AA00E2B1C7 /* Products */ = {
			isa = PBXGroup;
			children = (
				A6416818179FB8AA00E2B1C7 /* FacebookTest.app */,
				A6416839179FB8AA00E2B1C7 /* FacebookTestTests.xctest */,
			);
			name = Products;
			sourceTree = "<group>";
		};
		A641681A179FB8AA00E2B1C7 /* Frameworks */ = {
			isa = PBXGroup;
			children = (
				A641681B179FB8AA00E2B1C7 /* Foundation.framework */,
				A641681D179FB8AA00E2B1C7 /* CoreGraphics.framework */,
				A641681F179FB8AA00E2B1C7 /* UIKit.framework */,
				A641683A179FB8AA00E2B1C7 /* XCTest.framework */,
			);
			name = Frameworks;
			sourceTree = "<group>";
		};
		A6416821179FB8AA00E2B1C7 /* FacebookTest */ = {
			isa = PBXGroup;
			children = (
				A641682A179FB8AA00E2B1C7 /* AppDelegate.h */,
				A641682B179FB8AA00E2B1C7 /* AppDelegate.m */,
				A641682D179FB8AA00E2B1C7 /* Main.storyboard */,
				A6416830179FB8AA00E2B1C7 /* ViewController.h */,
				A6416831179FB8AA00E2B1C7 /* ViewController.m */,
				A6416833179FB8AA00E2B1C7 /* Images.xcassets */,
				A6416822179FB8AA00E2B1C7 /* Supporting Files */,
			);
			path = FacebookTest;
			sourceTree = "<group>";
		};
		A6416822179FB8AA00E2B1C7 /* Supporting Files */ = {
			isa = PBXGroup;
			children = (
				A6416823179FB8AA00E2B1C7 /* FacebookTest-Info.plist */,
				A6416824179FB8AA00E2B1C7 /* InfoPlist.strings */,
				A6416827179FB8AA00E2B1C7 /* main.m */,
				A6416829179FB8AA00E2B1C7 /* FacebookTest-Prefix.pch */,
			);
			name = "Supporting Files";
			sourceTree = "<group>";
		};
		A6416840179FB8AA00E2B1C7 /* FacebookTestTests */ = {
			isa = PBXGroup;
			children = (
				A6416846179FB8AA00E2B1C7 /* FacebookTestTests.m */,
				A6416841179FB8AA00E2B1C7 /* Supporting Files */,
			);
			path = FacebookTestTests;
			sourceTree = "<group>";
		};
		A6416841179FB8AA00E2B1C7 /* Supporting Files */ = {
			isa = PBXGroup;
			children = (
				A6416842179FB8AA00E2B1C7 /* FacebookTestTests-Info.plist */,
				A6416843179FB8AA00E2B1C7 /* InfoPlist.strings */,
			);
			name = "Supporting Files";
			sourceTree = "<group>";
		};
/* End PBXGroup section */

/* Begin PBXNativeTarget section */
		A6416817179FB8AA00E2B1C7 /* FacebookTest */ = {
			isa = PBXNativeTarget;
			buildConfigurationList = A641684A179FB8AA00E2B1C7 /* Build configuration list for PBXNativeTarget "FacebookTest" */;
			buildPhases = (
				A6416814179FB8AA00E2B1C7 /* Sources */,
				A6416815179FB8AA00E2B1C7 /* Frameworks */,
				A6416816179FB8AA00E2B1C7 /* Resources */,
			);
			buildRules = (
			);
			dependencies = (
			);
			name = FacebookTest;
			productName = FacebookTest;
			productReference = A6416818179FB8AA00E2B1C7 /* FacebookTest.app */;
			productType = "com.apple.product-type.application";
		};
		A6416838179FB8AA00E2B1C7 /* FacebookTestTests */ = {
			isa = PBXNativeTarget;
			buildConfigurationList = A641684D179FB8AA00E2B1C7 /* Build configuration list for PBXNativeTarget "FacebookTestTests" */;
			buildPhases = (
				A6416835179FB8AA00E2B1C7 /* Sources */,
				A6416836179FB8AA00E2B1C7 /* Frameworks */,
				A6416837179FB8AA00E2B1C7 /* Resources */,
			);
			buildRules = (
			);
			dependencies = (
				A641683F179FB8AA00E2B1C7 /* PBXTargetDependency */,
			);
			name = FacebookTestTests;
			productName = FacebookTestTests;
			productReference = A6416839179FB8AA00E2B1C7 /* FacebookTestTests.xctest */;
			productType = "com.apple.product-type.bundle.unit-test";
		};
/* End PBXNativeTarget section */

/* Begin PBXProject section */
		A6416810179FB8AA00E2B1C7 /* Project object */ = {
			isa = PBXProject;
			attributes = {
				LastUpgradeCheck = 0500;
				ORGANIZATIONNAME = "Pan Peter";
				TargetAttributes = {
					A6416838179FB8AA00E2B1C7 = {
						TestTargetID = A6416817179FB8AA00E2B1C7;
					};
				};
			};
			buildConfigurationList = A6416813179FB8AA00E2B1C7 /* Build configuration list for PBXProject "FacebookTest" */;
			compatibilityVersion = "Xcode 3.2";
			developmentRegion = English;
			hasScannedForEncodings = 0;
			knownRegions = (
				en,
				Base,
			);
			mainGroup = A641680F179FB8AA00E2B1C7;
			productRefGroup = A6416819179FB8AA00E2B1C7 /* Products */;
			projectDirPath = "";
			projectRoot = "";
			targets = (
				A6416817179FB8AA00E2B1C7 /* FacebookTest */,
				A6416838179FB8AA00E2B1C7 /* FacebookTestTests */,
			);
		};
/* End PBXProject section */

/* Begin PBXResourcesBuildPhase section */
		A6416816179FB8AA00E2B1C7 /* Resources */ = {
			isa = PBXResourcesBuildPhase;
			buildActionMask = 2147483647;
			files = (
				A6416834179FB8AA00E2B1C7 /* Images.xcassets in Resources */,
				A6416826179FB8AA00E2B1C7 /* InfoPlist.strings in Resources */,
				A641682F179FB8AA00E2B1C7 /* Main.storyboard in Resources */,
			);
			runOnlyForDeploymentPostprocessing = 0;
		};
		A6416837179FB8AA00E2B1C7 /* Resources */ = {
			isa = PBXResourcesBuildPhase;
			buildActionMask = 2147483647;
			files = (
				A6416845179FB8AA00E2B1C7 /* InfoPlist.strings in Resources */,
			);
			runOnlyForDeploymentPostprocessing = 0;
		};
/* End PBXResourcesBuildPhase section */

/* Begin PBXSourcesBuildPhase section */
		A6416814179FB8AA00E2B1C7 /* Sources */ = {
			isa = PBXSourcesBuildPhase;
			buildActionMask = 2147483647;
			files = (
				A6416832179FB8AA00E2B1C7 /* ViewController.m in Sources */,
				A641682C179FB8AA00E2B1C7 /* AppDelegate.m in Sources */,
				A6416828179FB8AA00E2B1C7 /* main.m in Sources */,
			);
			runOnlyForDeploymentPostprocessing = 0;
		};
		A6416835179FB8AA00E2B1C7 /* Sources */ = {
			isa = PBXSourcesBuildPhase;
			buildActionMask = 2147483647;
			files = (
				A6416847179FB8AA00E2B1C7 /* FacebookTestTests.m in Sources */,
			);
			runOnlyForDeploymentPostprocessing = 0;
		};
/* End PBXSourcesBuildPhase section */

/* Begin PBXTargetDependency section */
		A641683F179FB8AA00E2B1C7 /* PBXTargetDependency */ = {
			isa = PBXTargetDependency;
			target = A6416817179FB8AA00E2B1C7 /* FacebookTest */;
			targetProxy = A641683E179FB8AA00E2B1C7 /* PBXContainerItemProxy */;
		};
/* End PBXTargetDependency section */

/* Begin PBXVariantGroup section */
		A6416824179FB8AA00E2B1C7 /* InfoPlist.strings */ = {
			isa = PBXVariantGroup;
			children = (
				A6416825179FB8AA00E2B1C7 /* en */,
			);
			name = InfoPlist.strings;
			sourceTree = "<group>";
		};
		A641682D179FB8AA00E2B1C7 /* Main.storyboard */ = {
			isa = PBXVariantGroup;
			children = (
				A641682E179FB8AA00E2B1C7 /* Base */,
			);
			name = Main.storyboard;
			sourceTree = "<group>";
		};
		A6416843179FB8AA00E2B1C7 /* InfoPlist.strings */ = {
			isa = PBXVariantGroup;
			children = (
				A6416844179FB8AA00E2B1C7 /* en */,
			);
			name = InfoPlist.strings;
			sourceTree = "<group>";
		};
/* End PBXVariantGroup section */

/* Begin XCBuildConfiguration section */
		A6416848179FB8AA00E2B1C7 /* Debug */ = {
			isa = XCBuildConfiguration;
			buildSettings = {
				ALWAYS_SEARCH_USER_PATHS = NO;
				CLANG_CXX_LANGUAGE_STANDARD = "gnu++0x";
				CLANG_CXX_LIBRARY = "libc++";
				CLANG_ENABLE_MODULES = YES;
				CLANG_ENABLE_OBJC_ARC = YES;
				CLANG_WARN_BOOL_CONVERSION = YES;
				CLANG_WARN_CONSTANT_CONVERSION = YES;
				CLANG_WARN_DIRECT_OBJC_ISA_USAGE = YES_ERROR;
				CLANG_WARN_EMPTY_BODY = YES;
				CLANG_WARN_ENUM_CONVERSION = YES;
				CLANG_WARN_INT_CONVERSION = YES;
				CLANG_WARN_OBJC_ROOT_CLASS = YES_ERROR;
				CLANG_WARN__DUPLICATE_METHOD_MATCH = YES;
				"CODE_SIGN_IDENTITY[sdk=iphoneos*]" = "iPhone Developer";
				COPY_PHASE_STRIP = NO;
				GCC_C_LANGUAGE_STANDARD = gnu99;
				GCC_DYNAMIC_NO_PIC = NO;
				GCC_OPTIMIZATION_LEVEL = 0;
				GCC_PREPROCESSOR_DEFINITIONS = (
					"DEBUG=1",
					"$(inherited)",
				);
				GCC_SYMBOLS_PRIVATE_EXTERN = NO;
				GCC_WARN_ABOUT_RETURN_TYPE = YES_ERROR;
				GCC_WARN_UNDECLARED_SELECTOR = YES;
				GCC_WARN_UNINITIALIZED_AUTOS = YES;
				GCC_WARN_UNUSED_FUNCTION = YES;
				GCC_WARN_UNUSED_VARIABLE = YES;
				IPHONEOS_DEPLOYMENT_TARGET = 7.0;
				ONLY_ACTIVE_ARCH = YES;
				SDKROOT = iphoneos;
			};
			name = Debug;
		};
		A6416849179FB8AA00E2B1C7 /* Release */ = {
			isa = XCBuildConfiguration;
			buildSettings = {
				ALWAYS_SEARCH_USER_PATHS = NO;
				CLANG_CXX_LANGUAGE_STANDARD = "gnu++0x";
				CLANG_CXX_LIBRARY = "libc++";
				CLANG_ENABLE_MODULES = YES;
				CLANG_ENABLE_OBJC_ARC = YES;
				CLANG_WARN_BOOL_CONVERSION = YES;
				CLANG_WARN_CONSTANT_CONVERSION = YES;
				CLANG_WARN_DIRECT_OBJC_ISA_USAGE = YES_ERROR;
				CLANG_WARN_EMPTY_BODY = YES;
				CLANG_WARN_ENUM_CONVERSION = YES;
				CLANG_WARN_INT_CONVERSION = YES;
				CLANG_WARN_OBJC_ROOT_CLASS = YES_ERROR;
				CLANG_WARN__DUPLICATE_METHOD_MATCH = YES;
				"CODE_SIGN_IDENTITY[sdk=iphoneos*]" = "iPhone Developer";
				COPY_PHASE_STRIP = YES;
				ENABLE_NS_ASSERTIONS = NO;
				GCC_C_LANGUAGE_STANDARD = gnu99;
				GCC_WARN_ABOUT_RETURN_TYPE = YES_ERROR;
				GCC_WARN_UNDECLARED_SELECTOR = YES;
				GCC_WARN_UNINITIALIZED_AUTOS = YES;
				GCC_WARN_UNUSED_FUNCTION = YES;
				GCC_WARN_UNUSED_VARIABLE = YES;
				IPHONEOS_DEPLOYMENT_TARGET = 7.0;
				SDKROOT = iphoneos;
				VALIDATE_PRODUCT = YES;
			};
			name = Release;
		};
		A641684B179FB8AA00E2B1C7 /* Debug */ = {
			isa = XCBuildConfiguration;
			buildSettings = {
				ASSETCATALOG_COMPILER_APPICON_NAME = AppIcon;
				ASSETCATALOG_COMPILER_LAUNCHIMAGE_NAME = LaunchImage;
				GCC_PRECOMPILE_PREFIX_HEADER = YES;
				GCC_PREFIX_HEADER = "FacebookTest/FacebookTest-Prefix.pch";
				INFOPLIST_FILE = "FacebookTest/FacebookTest-Info.plist";
				PRODUCT_NAME = "$(TARGET_NAME)";
				WRAPPER_EXTENSION = app;
			};
			name = Debug;
		};
		A641684C179FB8AA00E2B1C7 /* Release */ = {
			isa = XCBuildConfiguration;
			buildSettings = {
				ASSETCATALOG_COMPILER_APPICON_NAME = AppIcon;
				ASSETCATALOG_COMPILER_LAUNCHIMAGE_NAME = LaunchImage;
				GCC_PRECOMPILE_PREFIX_HEADER = YES;
				GCC_PREFIX_HEADER = "FacebookTest/FacebookTest-Prefix.pch";
				INFOPLIST_FILE = "FacebookTest/FacebookTest-Info.plist";
				PRODUCT_NAME = "$(TARGET_NAME)";
				WRAPPER_EXTENSION = app;
			};
			name = Release;
		};
		A641684E179FB8AA00E2B1C7 /* Debug */ = {
			isa = XCBuildConfiguration;
			buildSettings = {
				BUNDLE_LOADER = "$(BUILT_PRODUCTS_DIR)/FacebookTest.app/FacebookTest";
				FRAMEWORK_SEARCH_PATHS = (
					"$(SDKROOT)/Developer/Library/Frameworks",
					"$(inherited)",
					"$(SYSTEM_APPS_DIR)/Xcode5-DP3.app/Contents/Developer/Library/Frameworks",
				);
				GCC_PRECOMPILE_PREFIX_HEADER = YES;
				GCC_PREFIX_HEADER = "FacebookTest/FacebookTest-Prefix.pch";
				GCC_PREPROCESSOR_DEFINITIONS = (
					"DEBUG=1",
					"$(inherited)",
				);
				INFOPLIST_FILE = "FacebookTestTests/FacebookTestTests-Info.plist";
				PRODUCT_NAME = "$(TARGET_NAME)";
				TEST_HOST = "$(BUNDLE_LOADER)";
				WRAPPER_EXTENSION = xctest;
			};
			name = Debug;
		};
		A641684F179FB8AA00E2B1C7 /* Release */ = {
			isa = XCBuildConfiguration;
			buildSettings = {
				BUNDLE_LOADER = "$(BUILT_PRODUCTS_DIR)/FacebookTest.app/FacebookTest";
				FRAMEWORK_SEARCH_PATHS = (
					"$(SDKROOT)/Developer/Library/Frameworks",
					"$(inherited)",
					"$(SYSTEM_APPS_DIR)/Xcode5-DP3.app/Contents/Developer/Library/Frameworks",
				);
				GCC_PRECOMPILE_PREFIX_HEADER = YES;
				GCC_PREFIX_HEADER = "FacebookTest/FacebookTest-Prefix.pch";
				INFOPLIST_FILE = "FacebookTestTests/FacebookTestTests-Info.plist";
				PRODUCT_NAME = "$(TARGET_NAME)";
				TEST_HOST = "$(BUNDLE_LOADER)";
				WRAPPER_EXTENSION = xctest;
			};
			name = Release;
		};
/* End XCBuildConfiguration section */

/* Begin XCConfigurationList section */
		A6416813179FB8AA00E2B1C7 /* Build configuration list for PBXProject "FacebookTest" */ = {
			isa = XCConfigurationList;
			buildConfigurations = (
				A6416848179FB8AA00E2B1C7 /* Debug */,
				A6416849179FB8AA00E2B1C7 /* Release */,
			);
			defaultConfigurationIsVisible = 0;
			defaultConfigurationName = Release;
		};
		A641684A179FB8AA00E2B1C7 /* Build configuration list for PBXNativeTarget "FacebookTest" */ = {
			isa = XCConfigurationList;
			buildConfigurations = (
				A641684B179FB8AA00E2B1C7 /* Debug */,
				A641684C179FB8AA00E2B1C7 /* Release */,
			);
			defaultConfigurationIsVisible = 0;
		};
		A641684D179FB8AA00E2B1C7 /* Build configuration list for PBXNativeTarget "FacebookTestTests" */ = {
			isa = XCConfigurationList;
			buildConfigurations = (
				A641684E179FB8AA00E2B1C7 /* Debug */,
				A641684F179FB8AA00E2B1C7 /* Release */,
			);
			defaultConfigurationIsVisible = 0;
		};
/* End XCConfigurationList section */
	};
	rootObject = A6416810179FB8AA00E2B1C7 /* Project object */;
}
